
Microsoft Visual Studio Solution File, Format Version 12.00
# Visual Studio 15
VisualStudioVersion = 15.0.26403.7
MinimumVisualStudioVersion = 10.0.40219.1
Project("{FAE04EC0-301F-11D3-BF4B-00C04F79EFBC}") = "IComparableExercise", "IComparableExercise\IComparableExercise.csproj", "{9370C2E8-C181-4827-991E-943099E0FFB6}"
EndProject
Project("{FAE04EC0-301F-11D3-BF4B-00C04F79EFBC}") = "RationalNumber", "RationalNumber\RationalNumber.csproj", "{5BF21099-A3B1-461F-BD73-16A0436D7104}"
EndProject
Global
	GlobalSection(SolutionConfigurationPlatforms) = preSolution
		Debug|Any CPU = Debug|Any CPU
		Release|Any CPU = Release|Any CPU
	EndGlobalSection
	GlobalSection(ProjectConfigurationPlatforms) = postSolution
		{9370C2E8-C181-4827-991E-943099E0FFB6}.Debug|Any CPU.ActiveCfg = Debug|Any CPU
		{9370C2E8-C181-4827-991E-943099E0FFB6}.Debug|Any CPU.Build.0 = Debug|Any CPU
		{9370C2E8-C181-4827-991E-943099E0FFB6}.Release|Any CPU.ActiveCfg = Release|Any CPU
		{9370C2E8-C181-4827-991E-943099E0FFB6}.Release|Any CPU.Build.0 = Release|Any CPU
		{5BF21099-A3B1-461F-BD73-16A0436D7104}.Debug|Any CPU.ActiveCfg = Debug|Any CPU
		{5BF21099-A3B1-461F-BD73-16A0436D7104}.Debug|Any CPU.Build.0 = Debug|Any CPU
		{5BF21099-A3B1-461F-BD73-16A0436D7104}.Release|Any CPU.ActiveCfg = Release|Any CPU
		{5BF21099-A3B1-461F-BD73-16A0436D7104}.Release|Any CPU.Build.0 = Release|Any CPU
	EndGlobalSection
	GlobalSection(SolutionProperties) = preSolution
		HideSolutionNode = FALSE
	EndGlobalSection
EndGlobal
