
Microsoft Visual Studio Solution File, Format Version 12.00
# Visual Studio 15
VisualStudioVersion = 15.0.26403.7
MinimumVisualStudioVersion = 10.0.40219.1
Project("{FAE04EC0-301F-11D3-BF4B-00C04F79EFBC}") = "MovieCatalog", "MovieCatalog\MovieCatalog.csproj", "{508F6154-8EA4-429F-A731-45B29C2C0654}"
EndProject
Project("{FAE04EC0-301F-11D3-BF4B-00C04F79EFBC}") = "MovieCatalog.Models", "MovieCatalog.Models\MovieCatalog.Models.csproj", "{D24D43B1-0958-4999-9069-EFAD4879B740}"
EndProject
Project("{FAE04EC0-301F-11D3-BF4B-00C04F79EFBC}") = "MovieCatalog.Data", "MovieCatalog.Data\MovieCatalog.Data.csproj", "{8895D33B-0B3A-47DF-BA7D-8C78CA489939}"
EndProject
Global
	GlobalSection(SolutionConfigurationPlatforms) = preSolution
		Debug|Any CPU = Debug|Any CPU
		Release|Any CPU = Release|Any CPU
	EndGlobalSection
	GlobalSection(ProjectConfigurationPlatforms) = postSolution
		{508F6154-8EA4-429F-A731-45B29C2C0654}.Debug|Any CPU.ActiveCfg = Debug|Any CPU
		{508F6154-8EA4-429F-A731-45B29C2C0654}.Debug|Any CPU.Build.0 = Debug|Any CPU
		{508F6154-8EA4-429F-A731-45B29C2C0654}.Release|Any CPU.ActiveCfg = Release|Any CPU
		{508F6154-8EA4-429F-A731-45B29C2C0654}.Release|Any CPU.Build.0 = Release|Any CPU
		{D24D43B1-0958-4999-9069-EFAD4879B740}.Debug|Any CPU.ActiveCfg = Debug|Any CPU
		{D24D43B1-0958-4999-9069-EFAD4879B740}.Debug|Any CPU.Build.0 = Debug|Any CPU
		{D24D43B1-0958-4999-9069-EFAD4879B740}.Release|Any CPU.ActiveCfg = Release|Any CPU
		{D24D43B1-0958-4999-9069-EFAD4879B740}.Release|Any CPU.Build.0 = Release|Any CPU
		{8895D33B-0B3A-47DF-BA7D-8C78CA489939}.Debug|Any CPU.ActiveCfg = Debug|Any CPU
		{8895D33B-0B3A-47DF-BA7D-8C78CA489939}.Debug|Any CPU.Build.0 = Debug|Any CPU
		{8895D33B-0B3A-47DF-BA7D-8C78CA489939}.Release|Any CPU.ActiveCfg = Release|Any CPU
		{8895D33B-0B3A-47DF-BA7D-8C78CA489939}.Release|Any CPU.Build.0 = Release|Any CPU
	EndGlobalSection
	GlobalSection(SolutionProperties) = preSolution
		HideSolutionNode = FALSE
	EndGlobalSection
EndGlobal
